
Microsoft Visual Studio Solution File, Format Version 12.00
# Visual Studio 15
VisualStudioVersion = 15.0.27004.2006
MinimumVisualStudioVersion = 10.0.40219.1
Project("{FAE04EC0-301F-11D3-BF4B-00C04F79EFBC}") = "WpfApp3", "WpfApp3\WpfApp3.csproj", "{B736E280-5EEC-471B-B01E-52AB1B7C5B6C}"
EndProject
Global
	GlobalSection(SolutionConfigurationPlatforms) = preSolution
		Debug|Any CPU = Debug|Any CPU
		Release|Any CPU = Release|Any CPU
	EndGlobalSection
	GlobalSection(ProjectConfigurationPlatforms) = postSolution
		{B736E280-5EEC-471B-B01E-52AB1B7C5B6C}.Debug|Any CPU.ActiveCfg = Debug|Any CPU
		{B736E280-5EEC-471B-B01E-52AB1B7C5B6C}.Debug|Any CPU.Build.0 = Debug|Any CPU
		{B736E280-5EEC-471B-B01E-52AB1B7C5B6C}.Release|Any CPU.ActiveCfg = Release|Any CPU
		{B736E280-5EEC-471B-B01E-52AB1B7C5B6C}.Release|Any CPU.Build.0 = Release|Any CPU
	EndGlobalSection
	GlobalSection(SolutionProperties) = preSolution
		HideSolutionNode = FALSE
	EndGlobalSection
	GlobalSection(ExtensibilityGlobals) = postSolution
		SolutionGuid = {55C6067B-92C8-46E5-AA6F-A50B4EA0B0BB}
	EndGlobalSection
EndGlobal
